
Microsoft Visual Studio Solution File, Format Version 12.00
# Visual Studio Version 16
VisualStudioVersion = 16.0.30114.105
MinimumVisualStudioVersion = 10.0.40219.1
Project("{FAE04EC0-301F-11D3-BF4B-00C04F79EFBC}") = "FindChannels", "FindChannels.csproj", "{67CDFBF1-A575-4703-938E-4B01AED2A845}"
EndProject
Global
	GlobalSection(SolutionConfigurationPlatforms) = preSolution
		Debug|Any CPU = Debug|Any CPU
		Release|Any CPU = Release|Any CPU
	EndGlobalSection
	GlobalSection(ProjectConfigurationPlatforms) = postSolution
		{67CDFBF1-A575-4703-938E-4B01AED2A845}.Debug|Any CPU.ActiveCfg = Debug|Any CPU
		{67CDFBF1-A575-4703-938E-4B01AED2A845}.Debug|Any CPU.Build.0 = Debug|Any CPU
		{67CDFBF1-A575-4703-938E-4B01AED2A845}.Release|Any CPU.ActiveCfg = Release|Any CPU
		{67CDFBF1-A575-4703-938E-4B01AED2A845}.Release|Any CPU.Build.0 = Release|Any CPU
	EndGlobalSection
	GlobalSection(SolutionProperties) = preSolution
		HideSolutionNode = FALSE
	EndGlobalSection
	GlobalSection(ExtensibilityGlobals) = postSolution
		SolutionGuid = {1483ACB6-767C-468D-BBA0-C84A47176961}
	EndGlobalSection
EndGlobal
